// !$*UTF8*$!
{
	archiveVersion = 1;
	classes = {
	};
	objectVersion = 48;
	objects = {

/* Begin PBXBuildFile section */
		0E2F7012200484BF00521A67 /* AppDelegate.swift in Sources */ = {isa = PBXBuildFile; fileRef = 0E2F7011200484BF00521A67 /* AppDelegate.swift */; };
		0E2F7014200484BF00521A67 /* ViewController.swift in Sources */ = {isa = PBXBuildFile; fileRef = 0E2F7013200484BF00521A67 /* ViewController.swift */; };
		0E2F7019200484BF00521A67 /* Assets.xcassets in Resources */ = {isa = PBXBuildFile; fileRef = 0E2F7018200484BF00521A67 /* Assets.xcassets */; };
		0E2F701C200484BF00521A67 /* LaunchScreen.storyboard in Resources */ = {isa = PBXBuildFile; fileRef = 0E2F701A200484BF00521A67 /* LaunchScreen.storyboard */; };
		EB33EB7F81678C87EA62AE4C /* Pods_MapboxSample.framework in Frameworks */ = {isa = PBXBuildFile; fileRef = 8CD898CAB30FE49C6FCCE1A5 /* Pods_MapboxSample.framework */; };
/* End PBXBuildFile section */

/* Begin PBXFileReference section */
		0E2F700E200484BF00521A67 /* MapboxSample.app */ = {isa = PBXFileReference; explicitFileType = wrapper.application; includeInIndex = 0; path = MapboxSample.app; sourceTree = BUILT_PRODUCTS_DIR; };
		0E2F7011200484BF00521A67 /* AppDelegate.swift */ = {isa = PBXFileReference; lastKnownFileType = sourcecode.swift; path = AppDelegate.swift; sourceTree = "<group>"; };
		0E2F7013200484BF00521A67 /* ViewController.swift */ = {isa = PBXFileReference; lastKnownFileType = sourcecode.swift; path = ViewController.swift; sourceTree = "<group>"; };
		0E2F7018200484BF00521A67 /* Assets.xcassets */ = {isa = PBXFileReference; lastKnownFileType = folder.assetcatalog; path = Assets.xcassets; sourceTree = "<group>"; };
		0E2F701B200484BF00521A67 /* Base */ = {isa = PBXFileReference; lastKnownFileType = file.storyboard; name = Base; path = Base.lproj/LaunchScreen.storyboard; sourceTree = "<group>"; };
		0E2F701D200484BF00521A67 /* Info.plist */ = {isa = PBXFileReference; lastKnownFileType = text.plist.xml; path = Info.plist; sourceTree = "<group>"; };
		7AF4E60E619C85BB5ED71C4C /* Pods-MapboxSample.debug.xcconfig */ = {isa = PBXFileReference; includeInIndex = 1; lastKnownFileType = text.xcconfig; name = "Pods-MapboxSample.debug.xcconfig"; path = "Pods/Target Support Files/Pods-MapboxSample/Pods-MapboxSample.debug.xcconfig"; sourceTree = "<group>"; };
		8CD898CAB30FE49C6FCCE1A5 /* Pods_MapboxSample.framework */ = {isa = PBXFileReference; explicitFileType = wrapper.framework; includeInIndex = 0; path = Pods_MapboxSample.framework; sourceTree = BUILT_PRODUCTS_DIR; };
		FC8DD7A543F7E817F724BF76 /* Pods-MapboxSample.release.xcconfig */ = {isa = PBXFileReference; includeInIndex = 1; lastKnownFileType = text.xcconfig; name = "Pods-MapboxSample.release.xcconfig"; path = "Pods/Target Support Files/Pods-MapboxSample/Pods-MapboxSample.release.xcconfig"; sourceTree = "<group>"; };
/* End PBXFileReference section */

/* Begin PBXFrameworksBuildPhase section */
		0E2F700B200484BF00521A67 /* Frameworks */ = {
			isa = PBXFrameworksBuildPhase;
			buildActionMask = 2147483647;
			files = (
				EB33EB7F81678C87EA62AE4C /* Pods_MapboxSample.framework in Frameworks */,
			);
			runOnlyForDeploymentPostprocessing = 0;
		};
/* End PBXFrameworksBuildPhase section */

/* Begin PBXGroup section */
		0E2F7005200484BF00521A67 = {
			isa = PBXGroup;
			children = (
				0E2F7010200484BF00521A67 /* MapboxSample */,
				0E2F700F200484BF00521A67 /* Products */,
				5A77089885B2327B3E09DE72 /* Pods */,
				AFD83DAF301D41C3014CF187 /* Frameworks */,
			);
			sourceTree = "<group>";
		};
		0E2F700F200484BF00521A67 /* Products */ = {
			isa = PBXGroup;
			children = (
				0E2F700E200484BF00521A67 /* MapboxSample.app */,
			);
			name = Products;
			sourceTree = "<group>";
		};
		0E2F7010200484BF00521A67 /* MapboxSample */ = {
			isa = PBXGroup;
			children = (
				0E2F7011200484BF00521A67 /* AppDelegate.swift */,
				0E2F7013200484BF00521A67 /* ViewController.swift */,
				0E2F7018200484BF00521A67 /* Assets.xcassets */,
				0E2F701A200484BF00521A67 /* LaunchScreen.storyboard */,
				0E2F701D200484BF00521A67 /* Info.plist */,
			);
			path = MapboxSample;
			sourceTree = "<group>";
		};
		5A77089885B2327B3E09DE72 /* Pods */ = {
			isa = PBXGroup;
			children = (
				7AF4E60E619C85BB5ED71C4C /* Pods-MapboxSample.debug.xcconfig */,
				FC8DD7A543F7E817F724BF76 /* Pods-MapboxSample.release.xcconfig */,
			);
			name = Pods;
			sourceTree = "<group>";
		};
		AFD83DAF301D41C3014CF187 /* Frameworks */ = {
			isa = PBXGroup;
			children = (
				8CD898CAB30FE49C6FCCE1A5 /* Pods_MapboxSample.framework */,
			);
			name = Frameworks;
			sourceTree = "<group>";
		};
/* End PBXGroup section */

/* Begin PBXNativeTarget section */
		0E2F700D200484BF00521A67 /* MapboxSample */ = {
			isa = PBXNativeTarget;
			buildConfigurationList = 0E2F7020200484BF00521A67 /* Build configuration list for PBXNativeTarget "MapboxSample" */;
			buildPhases = (
				E179E978B422C5AF695007F2 /* [CP] Check Pods Manifest.lock */,
				0E2F700A200484BF00521A67 /* Sources */,
				0E2F700B200484BF00521A67 /* Frameworks */,
				0E2F700C200484BF00521A67 /* Resources */,
				595AD0271E6DAE38732EC8BF /* [CP] Embed Pods Frameworks */,
				0E65AFF4B8D4A78EE1B739FC /* [CP] Copy Pods Resources */,
			);
			buildRules = (
			);
			dependencies = (
			);
			name = MapboxSample;
			productName = MapboxSample;
			productReference = 0E2F700E200484BF00521A67 /* MapboxSample.app */;
			productType = "com.apple.product-type.application";
		};
/* End PBXNativeTarget section */

/* Begin PBXProject section */
		0E2F7006200484BF00521A67 /* Project object */ = {
			isa = PBXProject;
			attributes = {
				LastSwiftUpdateCheck = 0920;
				LastUpgradeCheck = 0920;
				ORGANIZATIONNAME = "Phanith Ny";
				TargetAttributes = {
					0E2F700D200484BF00521A67 = {
						CreatedOnToolsVersion = 9.2;
						ProvisioningStyle = Automatic;
					};
				};
			};
			buildConfigurationList = 0E2F7009200484BF00521A67 /* Build configuration list for PBXProject "MapboxSample" */;
			compatibilityVersion = "Xcode 8.0";
			developmentRegion = en;
			hasScannedForEncodings = 0;
			knownRegions = (
				en,
				Base,
			);
			mainGroup = 0E2F7005200484BF00521A67;
			productRefGroup = 0E2F700F200484BF00521A67 /* Products */;
			projectDirPath = "";
			projectRoot = "";
			targets = (
				0E2F700D200484BF00521A67 /* MapboxSample */,
			);
		};
/* End PBXProject section */

/* Begin PBXResourcesBuildPhase section */
		0E2F700C200484BF00521A67 /* Resources */ = {
			isa = PBXResourcesBuildPhase;
			buildActionMask = 2147483647;
			files = (
				0E2F701C200484BF00521A67 /* LaunchScreen.storyboard in Resources */,
				0E2F7019200484BF00521A67 /* Assets.xcassets in Resources */,
			);
			runOnlyForDeploymentPostprocessing = 0;
		};
/* End PBXResourcesBuildPhase section */

/* Begin PBXShellScriptBuildPhase section */
		0E65AFF4B8D4A78EE1B739FC /* [CP] Copy Pods Resources */ = {
			isa = PBXShellScriptBuildPhase;
			buildActionMask = 2147483647;
			files = (
			);
			inputPaths = (
			);
			name = "[CP] Copy Pods Resources";
			outputPaths = (
			);
			runOnlyForDeploymentPostprocessing = 0;
			shellPath = /bin/sh;
			shellScript = "\"${SRCROOT}/Pods/Target Support Files/Pods-MapboxSample/Pods-MapboxSample-resources.sh\"\n";
			showEnvVarsInLog = 0;
		};
		595AD0271E6DAE38732EC8BF /* [CP] Embed Pods Frameworks */ = {
			isa = PBXShellScriptBuildPhase;
			buildActionMask = 2147483647;
			files = (
			);
			inputPaths = (
				"${SRCROOT}/Pods/Target Support Files/Pods-MapboxSample/Pods-MapboxSample-frameworks.sh",
				"${PODS_ROOT}/Mapbox-iOS-SDK/dynamic/Mapbox.framework",
				"${PODS_ROOT}/Mapbox-iOS-SDK/dynamic/Mapbox.framework.dSYM",
			);
			name = "[CP] Embed Pods Frameworks";
			outputPaths = (
				"${TARGET_BUILD_DIR}/${FRAMEWORKS_FOLDER_PATH}/Mapbox.framework",
				"${DWARF_DSYM_FOLDER_PATH}/Mapbox.framework.dSYM",
			);
			runOnlyForDeploymentPostprocessing = 0;
			shellPath = /bin/sh;
			shellScript = "\"${SRCROOT}/Pods/Target Support Files/Pods-MapboxSample/Pods-MapboxSample-frameworks.sh\"\n";
			showEnvVarsInLog = 0;
		};
		E179E978B422C5AF695007F2 /* [CP] Check Pods Manifest.lock */ = {
			isa = PBXShellScriptBuildPhase;
			buildActionMask = 2147483647;
			files = (
			);
			inputPaths = (
				"${PODS_PODFILE_DIR_PATH}/Podfile.lock",
				"${PODS_ROOT}/Manifest.lock",
			);
			name = "[CP] Check Pods Manifest.lock";
			outputPaths = (
				"$(DERIVED_FILE_DIR)/Pods-MapboxSample-checkManifestLockResult.txt",
			);
			runOnlyForDeploymentPostprocessing = 0;
			shellPath = /bin/sh;
			shellScript = "diff \"${PODS_PODFILE_DIR_PATH}/Podfile.lock\" \"${PODS_ROOT}/Manifest.lock\" > /dev/null\nif [ $? != 0 ] ; then\n    # print error to STDERR\n    echo \"error: The sandbox is not in sync with the Podfile.lock. Run 'pod install' or update your CocoaPods installation.\" >&2\n    exit 1\nfi\n# This output is used by Xcode 'outputs' to avoid re-running this script phase.\necho \"SUCCESS\" > \"${SCRIPT_OUTPUT_FILE_0}\"\n";
			showEnvVarsInLog = 0;
		};
/* End PBXShellScriptBuildPhase section */

/* Begin PBXSourcesBuildPhase section */
		0E2F700A200484BF00521A67 /* Sources */ = {
			isa = PBXSourcesBuildPhase;
			buildActionMask = 2147483647;
			files = (
				0E2F7014200484BF00521A67 /* ViewController.swift in Sources */,
				0E2F7012200484BF00521A67 /* AppDelegate.swift in Sources */,
			);
			runOnlyForDeploymentPostprocessing = 0;
		};
/* End PBXSourcesBuildPhase section */

/* Begin PBXVariantGroup section */
		0E2F701A200484BF00521A67 /* LaunchScreen.storyboard */ = {
			isa = PBXVariantGroup;
			children = (
				0E2F701B200484BF00521A67 /* Base */,
			);
			name = LaunchScreen.storyboard;
			sourceTree = "<group>";
		};
/* End PBXVariantGroup section */

/* Begin XCBuildConfiguration section */
		0E2F701E200484BF00521A67 /* Debug */ = {
			isa = XCBuildConfiguration;
			buildSettings = {
				ALWAYS_SEARCH_USER_PATHS = NO;
				CLANG_ANALYZER_NONNULL = YES;
				CLANG_ANALYZER_NUMBER_OBJECT_CONVERSION = YES_AGGRESSIVE;
				CLANG_CXX_LANGUAGE_STANDARD = "gnu++14";
				CLANG_CXX_LIBRARY = "libc++";
				CLANG_ENABLE_MODULES = YES;
				CLANG_ENABLE_OBJC_ARC = YES;
				CLANG_WARN_BLOCK_CAPTURE_AUTORELEASING = YES;
				CLANG_WARN_BOOL_CONVERSION = YES;
				CLANG_WARN_COMMA = YES;
				CLANG_WARN_CONSTANT_CONVERSION = YES;
				CLANG_WARN_DIRECT_OBJC_ISA_USAGE = YES_ERROR;
				CLANG_WARN_DOCUMENTATION_COMMENTS = YES;
				CLANG_WARN_EMPTY_BODY = YES;
				CLANG_WARN_ENUM_CONVERSION = YES;
				CLANG_WARN_INFINITE_RECURSION = YES;
				CLANG_WARN_INT_CONVERSION = YES;
				CLANG_WARN_NON_LITERAL_NULL_CONVERSION = YES;
				CLANG_WARN_OBJC_LITERAL_CONVERSION = YES;
				CLANG_WARN_OBJC_ROOT_CLASS = YES_ERROR;
				CLANG_WARN_RANGE_LOOP_ANALYSIS = YES;
				CLANG_WARN_STRICT_PROTOTYPES = YES;
				CLANG_WARN_SUSPICIOUS_MOVE = YES;
				CLANG_WARN_UNGUARDED_AVAILABILITY = YES_AGGRESSIVE;
				CLANG_WARN_UNREACHABLE_CODE = YES;
				CLANG_WARN__DUPLICATE_METHOD_MATCH = YES;
				CODE_SIGN_IDENTITY = "iPhone Developer";
				COPY_PHASE_STRIP = NO;
				DEBUG_INFORMATION_FORMAT = dwarf;
				ENABLE_STRICT_OBJC_MSGSEND = YES;
				ENABLE_TESTABILITY = YES;
				GCC_C_LANGUAGE_STANDARD = gnu11;
				GCC_DYNAMIC_NO_PIC = NO;
				GCC_NO_COMMON_BLOCKS = YES;
				GCC_OPTIMIZATION_LEVEL = 0;
				GCC_PREPROCESSOR_DEFINITIONS = (
					"DEBUG=1",
					"$(inherited)",
				);
				GCC_WARN_64_TO_32_BIT_CONVERSION = YES;
				GCC_WARN_ABOUT_RETURN_TYPE = YES_ERROR;
				GCC_WARN_UNDECLARED_SELECTOR = YES;
				GCC_WARN_UNINITIALIZED_AUTOS = YES_AGGRESSIVE;
				GCC_WARN_UNUSED_FUNCTION = YES;
				GCC_WARN_UNUSED_VARIABLE = YES;
				IPHONEOS_DEPLOYMENT_TARGET = 11.2;
				MTL_ENABLE_DEBUG_INFO = YES;
				ONLY_ACTIVE_ARCH = YES;
				SDKROOT = iphoneos;
				SWIFT_ACTIVE_COMPILATION_CONDITIONS = DEBUG;
				SWIFT_OPTIMIZATION_LEVEL = "-Onone";
			};
			name = Debug;
		};
		0E2F701F200484BF00521A67 /* Release */ = {
			isa = XCBuildConfiguration;
			buildSettings = {
				ALWAYS_SEARCH_USER_PATHS = NO;
				CLANG_ANALYZER_NONNULL = YES;
				CLANG_ANALYZER_NUMBER_OBJECT_CONVERSION = YES_AGGRESSIVE;
				CLANG_CXX_LANGUAGE_STANDARD = "gnu++14";
				CLANG_CXX_LIBRARY = "libc++";
				CLANG_ENABLE_MODULES = YES;
				CLANG_ENABLE_OBJC_ARC = YES;
				CLANG_WARN_BLOCK_CAPTURE_AUTORELEASING = YES;
				CLANG_WARN_BOOL_CONVERSION = YES;
				CLANG_WARN_COMMA = YES;
				CLANG_WARN_CONSTANT_CONVERSION = YES;
				CLANG_WARN_DIRECT_OBJC_ISA_USAGE = YES_ERROR;
				CLANG_WARN_DOCUMENTATION_COMMENTS = YES;
				CLANG_WARN_EMPTY_BODY = YES;
				CLANG_WARN_ENUM_CONVERSION = YES;
				CLANG_WARN_INFINITE_RECURSION = YES;
				CLANG_WARN_INT_CONVERSION = YES;
				CLANG_WARN_NON_LITERAL_NULL_CONVERSION = YES;
				CLANG_WARN_OBJC_LITERAL_CONVERSION = YES;
				CLANG_WARN_OBJC_ROOT_CLASS = YES_ERROR;
				CLANG_WARN_RANGE_LOOP_ANALYSIS = YES;
				CLANG_WARN_STRICT_PROTOTYPES = YES;
				CLANG_WARN_SUSPICIOUS_MOVE = YES;
				CLANG_WARN_UNGUARDED_AVAILABILITY = YES_AGGRESSIVE;
				CLANG_WARN_UNREACHABLE_CODE = YES;
				CLANG_WARN__DUPLICATE_METHOD_MATCH = YES;
				CODE_SIGN_IDENTITY = "iPhone Developer";
				COPY_PHASE_STRIP = NO;
				DEBUG_INFORMATION_FORMAT = "dwarf-with-dsym";
				ENABLE_NS_ASSERTIONS = NO;
				ENABLE_STRICT_OBJC_MSGSEND = YES;
				GCC_C_LANGUAGE_STANDARD = gnu11;
				GCC_NO_COMMON_BLOCKS = YES;
				GCC_WARN_64_TO_32_BIT_CONVERSION = YES;
				GCC_WARN_ABOUT_RETURN_TYPE = YES_ERROR;
				GCC_WARN_UNDECLARED_SELECTOR = YES;
				GCC_WARN_UNINITIALIZED_AUTOS = YES_AGGRESSIVE;
				GCC_WARN_UNUSED_FUNCTION = YES;
				GCC_WARN_UNUSED_VARIABLE = YES;
				IPHONEOS_DEPLOYMENT_TARGET = 11.2;
				MTL_ENABLE_DEBUG_INFO = NO;
				SDKROOT = iphoneos;
				SWIFT_OPTIMIZATION_LEVEL = "-Owholemodule";
				VALIDATE_PRODUCT = YES;
			};
			name = Release;
		};
		0E2F7021200484BF00521A67 /* Debug */ = {
			isa = XCBuildConfiguration;
			baseConfigurationReference = 7AF4E60E619C85BB5ED71C4C /* Pods-MapboxSample.debug.xcconfig */;
			buildSettings = {
				ASSETCATALOG_COMPILER_APPICON_NAME = AppIcon;
				CODE_SIGN_STYLE = Automatic;
				DEVELOPMENT_TEAM = B389B45EBM;
				INFOPLIST_FILE = MapboxSample/Info.plist;
				LD_RUNPATH_SEARCH_PATHS = "$(inherited) @executable_path/Frameworks";
				PRODUCT_BUNDLE_IDENTIFIER = com.phanith.MapboxSample;
				PRODUCT_NAME = "$(TARGET_NAME)";
				SWIFT_VERSION = 4.0;
				TARGETED_DEVICE_FAMILY = "1,2";
			};
			name = Debug;
		};
		0E2F7022200484BF00521A67 /* Release */ = {
			isa = XCBuildConfiguration;
			baseConfigurationReference = FC8DD7A543F7E817F724BF76 /* Pods-MapboxSample.release.xcconfig */;
			buildSettings = {
				ASSETCATALOG_COMPILER_APPICON_NAME = AppIcon;
				CODE_SIGN_STYLE = Automatic;
				DEVELOPMENT_TEAM = B389B45EBM;
				INFOPLIST_FILE = MapboxSample/Info.plist;
				LD_RUNPATH_SEARCH_PATHS = "$(inherited) @executable_path/Frameworks";
				PRODUCT_BUNDLE_IDENTIFIER = com.phanith.MapboxSample;
				PRODUCT_NAME = "$(TARGET_NAME)";
				SWIFT_VERSION = 4.0;
				TARGETED_DEVICE_FAMILY = "1,2";
			};
			name = Release;
		};
/* End XCBuildConfiguration section */

/* Begin XCConfigurationList section */
		0E2F7009200484BF00521A67 /* Build configuration list for PBXProject "MapboxSample" */ = {
			isa = XCConfigurationList;
			buildConfigurations = (
				0E2F701E200484BF00521A67 /* Debug */,
				0E2F701F200484BF00521A67 /* Release */,
			);
			defaultConfigurationIsVisible = 0;
			defaultConfigurationName = Release;
		};
		0E2F7020200484BF00521A67 /* Build configuration list for PBXNativeTarget "MapboxSample" */ = {
			isa = XCConfigurationList;
			buildConfigurations = (
				0E2F7021200484BF00521A67 /* Debug */,
				0E2F7022200484BF00521A67 /* Release */,
			);
			defaultConfigurationIsVisible = 0;
			defaultConfigurationName = Release;
		};
/* End XCConfigurationList section */
	};
	rootObject = 0E2F7006200484BF00521A67 /* Project object */;
}
